
Microsoft Visual Studio Solution File, Format Version 12.00
# Visual Studio Version 17
VisualStudioVersion = 17.11.35312.102
MinimumVisualStudioVersion = 10.0.40219.1
Project("{FAE04EC0-301F-11D3-BF4B-00C04F79EFBC}") = "PruebaInforme_4", "PruebaInforme_4.csproj", "{03595EE3-6FC3-48D6-838D-AA8244B544B1}"
EndProject
Global
	GlobalSection(SolutionConfigurationPlatforms) = preSolution
		Debug|Any CPU = Debug|Any CPU
		Release|Any CPU = Release|Any CPU
	EndGlobalSection
	GlobalSection(ProjectConfigurationPlatforms) = postSolution
		{03595EE3-6FC3-48D6-838D-AA8244B544B1}.Debug|Any CPU.ActiveCfg = Debug|Any CPU
		{03595EE3-6FC3-48D6-838D-AA8244B544B1}.Debug|Any CPU.Build.0 = Debug|Any CPU
		{03595EE3-6FC3-48D6-838D-AA8244B544B1}.Release|Any CPU.ActiveCfg = Release|Any CPU
		{03595EE3-6FC3-48D6-838D-AA8244B544B1}.Release|Any CPU.Build.0 = Release|Any CPU
	EndGlobalSection
	GlobalSection(SolutionProperties) = preSolution
		HideSolutionNode = FALSE
	EndGlobalSection
	GlobalSection(ExtensibilityGlobals) = postSolution
		SolutionGuid = {E7DC87E6-012F-4B02-9D97-979DF62FD1A7}
	EndGlobalSection
EndGlobal
