
Microsoft Visual Studio Solution File, Format Version 12.00
# Visual Studio Version 17
VisualStudioVersion = 17.11.35312.102
MinimumVisualStudioVersion = 10.0.40219.1
Project("{FAE04EC0-301F-11D3-BF4B-00C04F79EFBC}") = "RecuperacionInforme", "RecuperacionInforme.csproj", "{95BF346A-CFA7-43F6-8371-F98750E9D012}"
EndProject
Global
	GlobalSection(SolutionConfigurationPlatforms) = preSolution
		Debug|Any CPU = Debug|Any CPU
		Release|Any CPU = Release|Any CPU
	EndGlobalSection
	GlobalSection(ProjectConfigurationPlatforms) = postSolution
		{95BF346A-CFA7-43F6-8371-F98750E9D012}.Debug|Any CPU.ActiveCfg = Debug|Any CPU
		{95BF346A-CFA7-43F6-8371-F98750E9D012}.Debug|Any CPU.Build.0 = Debug|Any CPU
		{95BF346A-CFA7-43F6-8371-F98750E9D012}.Release|Any CPU.ActiveCfg = Release|Any CPU
		{95BF346A-CFA7-43F6-8371-F98750E9D012}.Release|Any CPU.Build.0 = Release|Any CPU
	EndGlobalSection
	GlobalSection(SolutionProperties) = preSolution
		HideSolutionNode = FALSE
	EndGlobalSection
	GlobalSection(ExtensibilityGlobals) = postSolution
		SolutionGuid = {13A15A97-F1FD-47A4-A0A2-09486790B051}
	EndGlobalSection
EndGlobal
