
Microsoft Visual Studio Solution File, Format Version 12.00
# Visual Studio Version 17
VisualStudioVersion = 17.11.35312.102
MinimumVisualStudioVersion = 10.0.40219.1
Project("{FAE04EC0-301F-11D3-BF4B-00C04F79EFBC}") = "PruebaPruebosa", "PruebaPruebosa.csproj", "{FE230FA7-1429-43B3-9746-549067AEB745}"
EndProject
Global
	GlobalSection(SolutionConfigurationPlatforms) = preSolution
		Debug|Any CPU = Debug|Any CPU
		Release|Any CPU = Release|Any CPU
	EndGlobalSection
	GlobalSection(ProjectConfigurationPlatforms) = postSolution
		{FE230FA7-1429-43B3-9746-549067AEB745}.Debug|Any CPU.ActiveCfg = Debug|Any CPU
		{FE230FA7-1429-43B3-9746-549067AEB745}.Debug|Any CPU.Build.0 = Debug|Any CPU
		{FE230FA7-1429-43B3-9746-549067AEB745}.Release|Any CPU.ActiveCfg = Release|Any CPU
		{FE230FA7-1429-43B3-9746-549067AEB745}.Release|Any CPU.Build.0 = Release|Any CPU
	EndGlobalSection
	GlobalSection(SolutionProperties) = preSolution
		HideSolutionNode = FALSE
	EndGlobalSection
	GlobalSection(ExtensibilityGlobals) = postSolution
		SolutionGuid = {F7E4C182-6EC8-40BD-BE10-4AF06CF3C21B}
	EndGlobalSection
EndGlobal
